
Microsoft Visual Studio Solution File, Format Version 12.00
# Visual Studio Version 17
VisualStudioVersion = 17.7.34221.43
MinimumVisualStudioVersion = 10.0.40219.1
Project("{FAE04EC0-301F-11D3-BF4B-00C04F79EFBC}") = "_kege_sft_form", "_kege_sft_form\_kege_sft_form.csproj", "{B26882E1-E3E9-4EF4-BEA6-5C4479155C22}"
EndProject
Global
	GlobalSection(SolutionConfigurationPlatforms) = preSolution
		Debug|Any CPU = Debug|Any CPU
		Release|Any CPU = Release|Any CPU
	EndGlobalSection
	GlobalSection(ProjectConfigurationPlatforms) = postSolution
		{B26882E1-E3E9-4EF4-BEA6-5C4479155C22}.Debug|Any CPU.ActiveCfg = Debug|Any CPU
		{B26882E1-E3E9-4EF4-BEA6-5C4479155C22}.Debug|Any CPU.Build.0 = Debug|Any CPU
		{B26882E1-E3E9-4EF4-BEA6-5C4479155C22}.Release|Any CPU.ActiveCfg = Release|Any CPU
		{B26882E1-E3E9-4EF4-BEA6-5C4479155C22}.Release|Any CPU.Build.0 = Release|Any CPU
	EndGlobalSection
	GlobalSection(SolutionProperties) = preSolution
		HideSolutionNode = FALSE
	EndGlobalSection
	GlobalSection(ExtensibilityGlobals) = postSolution
		SolutionGuid = {0FCE7C21-BD24-451A-BA4E-20F80B47292E}
	EndGlobalSection
EndGlobal
